
Microsoft Visual Studio Solution File, Format Version 12.00
# Visual Studio 14
VisualStudioVersion = 14.0.25123.0
MinimumVisualStudioVersion = 10.0.40219.1
Project("{FAE04EC0-301F-11D3-BF4B-00C04F79EFBC}") = "Financial_Plan.Droid", "Financial_Plan\Financial_Plan.Droid\Financial_Plan.Droid.csproj", "{5D6524E6-5B54-49B2-B7AC-77F677983A91}"
EndProject
Project("{FAE04EC0-301F-11D3-BF4B-00C04F79EFBC}") = "Financial_Plan.iOS", "Financial_Plan\Financial_Plan.iOS\Financial_Plan.iOS.csproj", "{19F7A03C-F813-41E1-B098-77AB9E316537}"
EndProject
Project("{FAE04EC0-301F-11D3-BF4B-00C04F79EFBC}") = "Financial_Plan.WinPhone", "Financial_Plan\Financial_Plan.WinPhone\Financial_Plan.WinPhone.csproj", "{0A7DF7CD-4AB9-41F5-8452-D3552AE011C8}"
EndProject
Project("{FAE04EC0-301F-11D3-BF4B-00C04F79EFBC}") = "Financial_Plan", "Financial_Plan\Financial_Plan\Financial_Plan.csproj", "{F04752F9-C48B-42A0-9599-46B3801131DF}"
EndProject
Global
	GlobalSection(SolutionConfigurationPlatforms) = preSolution
		AppStore|Any CPU = AppStore|Any CPU
		AppStore|ARM = AppStore|ARM
		AppStore|iPhone = AppStore|iPhone
		AppStore|iPhoneSimulator = AppStore|iPhoneSimulator
		AppStore|x86 = AppStore|x86
		Debug|Any CPU = Debug|Any CPU
		Debug|ARM = Debug|ARM
		Debug|iPhone = Debug|iPhone
		Debug|iPhoneSimulator = Debug|iPhoneSimulator
		Debug|x86 = Debug|x86
		Release|Any CPU = Release|Any CPU
		Release|ARM = Release|ARM
		Release|iPhone = Release|iPhone
		Release|iPhoneSimulator = Release|iPhoneSimulator
		Release|x86 = Release|x86
	EndGlobalSection
	GlobalSection(ProjectConfigurationPlatforms) = postSolution
		{5D6524E6-5B54-49B2-B7AC-77F677983A91}.AppStore|Any CPU.ActiveCfg = Release|Any CPU
		{5D6524E6-5B54-49B2-B7AC-77F677983A91}.AppStore|Any CPU.Build.0 = Release|Any CPU
		{5D6524E6-5B54-49B2-B7AC-77F677983A91}.AppStore|Any CPU.Deploy.0 = Release|Any CPU
		{5D6524E6-5B54-49B2-B7AC-77F677983A91}.AppStore|ARM.ActiveCfg = Release|Any CPU
		{5D6524E6-5B54-49B2-B7AC-77F677983A91}.AppStore|ARM.Build.0 = Release|Any CPU
		{5D6524E6-5B54-49B2-B7AC-77F677983A91}.AppStore|ARM.Deploy.0 = Release|Any CPU
		{5D6524E6-5B54-49B2-B7AC-77F677983A91}.AppStore|iPhone.ActiveCfg = Release|Any CPU
		{5D6524E6-5B54-49B2-B7AC-77F677983A91}.AppStore|iPhone.Build.0 = Release|Any CPU
		{5D6524E6-5B54-49B2-B7AC-77F677983A91}.AppStore|iPhone.Deploy.0 = Release|Any CPU
		{5D6524E6-5B54-49B2-B7AC-77F677983A91}.AppStore|iPhoneSimulator.ActiveCfg = Release|Any CPU
		{5D6524E6-5B54-49B2-B7AC-77F677983A91}.AppStore|iPhoneSimulator.Build.0 = Release|Any CPU
		{5D6524E6-5B54-49B2-B7AC-77F677983A91}.AppStore|iPhoneSimulator.Deploy.0 = Release|Any CPU
		{5D6524E6-5B54-49B2-B7AC-77F677983A91}.AppStore|x86.ActiveCfg = Release|Any CPU
		{5D6524E6-5B54-49B2-B7AC-77F677983A91}.AppStore|x86.Build.0 = Release|Any CPU
		{5D6524E6-5B54-49B2-B7AC-77F677983A91}.AppStore|x86.Deploy.0 = Release|Any CPU
		{5D6524E6-5B54-49B2-B7AC-77F677983A91}.Debug|Any CPU.ActiveCfg = Debug|Any CPU
		{5D6524E6-5B54-49B2-B7AC-77F677983A91}.Debug|Any CPU.Build.0 = Debug|Any CPU
		{5D6524E6-5B54-49B2-B7AC-77F677983A91}.Debug|Any CPU.Deploy.0 = Debug|Any CPU
		{5D6524E6-5B54-49B2-B7AC-77F677983A91}.Debug|ARM.ActiveCfg = Debug|Any CPU
		{5D6524E6-5B54-49B2-B7AC-77F677983A91}.Debug|ARM.Build.0 = Debug|Any CPU
		{5D6524E6-5B54-49B2-B7AC-77F677983A91}.Debug|ARM.Deploy.0 = Debug|Any CPU
		{5D6524E6-5B54-49B2-B7AC-77F677983A91}.Debug|iPhone.ActiveCfg = Debug|Any CPU
		{5D6524E6-5B54-49B2-B7AC-77F677983A91}.Debug|iPhone.Build.0 = Debug|Any CPU
		{5D6524E6-5B54-49B2-B7AC-77F677983A91}.Debug|iPhone.Deploy.0 = Debug|Any CPU
		{5D6524E6-5B54-49B2-B7AC-77F677983A91}.Debug|iPhoneSimulator.ActiveCfg = Debug|Any CPU
		{5D6524E6-5B54-49B2-B7AC-77F677983A91}.Debug|iPhoneSimulator.Build.0 = Debug|Any CPU
		{5D6524E6-5B54-49B2-B7AC-77F677983A91}.Debug|iPhoneSimulator.Deploy.0 = Debug|Any CPU
		{5D6524E6-5B54-49B2-B7AC-77F677983A91}.Debug|x86.ActiveCfg = Debug|Any CPU
		{5D6524E6-5B54-49B2-B7AC-77F677983A91}.Debug|x86.Build.0 = Debug|Any CPU
		{5D6524E6-5B54-49B2-B7AC-77F677983A91}.Debug|x86.Deploy.0 = Debug|Any CPU
		{5D6524E6-5B54-49B2-B7AC-77F677983A91}.Release|Any CPU.ActiveCfg = Release|Any CPU
		{5D6524E6-5B54-49B2-B7AC-77F677983A91}.Release|Any CPU.Build.0 = Release|Any CPU
		{5D6524E6-5B54-49B2-B7AC-77F677983A91}.Release|Any CPU.Deploy.0 = Release|Any CPU
		{5D6524E6-5B54-49B2-B7AC-77F677983A91}.Release|ARM.ActiveCfg = Release|Any CPU
		{5D6524E6-5B54-49B2-B7AC-77F677983A91}.Release|ARM.Build.0 = Release|Any CPU
		{5D6524E6-5B54-49B2-B7AC-77F677983A91}.Release|ARM.Deploy.0 = Release|Any CPU
		{5D6524E6-5B54-49B2-B7AC-77F677983A91}.Release|iPhone.ActiveCfg = Release|Any CPU
		{5D6524E6-5B54-49B2-B7AC-77F677983A91}.Release|iPhone.Build.0 = Release|Any CPU
		{5D6524E6-5B54-49B2-B7AC-77F677983A91}.Release|iPhone.Deploy.0 = Release|Any CPU
		{5D6524E6-5B54-49B2-B7AC-77F677983A91}.Release|iPhoneSimulator.ActiveCfg = Release|Any CPU
		{5D6524E6-5B54-49B2-B7AC-77F677983A91}.Release|iPhoneSimulator.Build.0 = Release|Any CPU
		{5D6524E6-5B54-49B2-B7AC-77F677983A91}.Release|iPhoneSimulator.Deploy.0 = Release|Any CPU
		{5D6524E6-5B54-49B2-B7AC-77F677983A91}.Release|x86.ActiveCfg = Release|Any CPU
		{5D6524E6-5B54-49B2-B7AC-77F677983A91}.Release|x86.Build.0 = Release|Any CPU
		{5D6524E6-5B54-49B2-B7AC-77F677983A91}.Release|x86.Deploy.0 = Release|Any CPU
		{19F7A03C-F813-41E1-B098-77AB9E316537}.AppStore|Any CPU.ActiveCfg = AppStore|iPhone
		{19F7A03C-F813-41E1-B098-77AB9E316537}.AppStore|ARM.ActiveCfg = AppStore|iPhone
		{19F7A03C-F813-41E1-B098-77AB9E316537}.AppStore|iPhone.ActiveCfg = AppStore|iPhone
		{19F7A03C-F813-41E1-B098-77AB9E316537}.AppStore|iPhone.Build.0 = AppStore|iPhone
		{19F7A03C-F813-41E1-B098-77AB9E316537}.AppStore|iPhoneSimulator.ActiveCfg = AppStore|iPhoneSimulator
		{19F7A03C-F813-41E1-B098-77AB9E316537}.AppStore|iPhoneSimulator.Build.0 = AppStore|iPhoneSimulator
		{19F7A03C-F813-41E1-B098-77AB9E316537}.AppStore|x86.ActiveCfg = AppStore|iPhone
		{19F7A03C-F813-41E1-B098-77AB9E316537}.Debug|Any CPU.ActiveCfg = Debug|iPhone
		{19F7A03C-F813-41E1-B098-77AB9E316537}.Debug|ARM.ActiveCfg = Debug|iPhone
		{19F7A03C-F813-41E1-B098-77AB9E316537}.Debug|iPhone.ActiveCfg = Debug|iPhone
		{19F7A03C-F813-41E1-B098-77AB9E316537}.Debug|iPhone.Build.0 = Debug|iPhone
		{19F7A03C-F813-41E1-B098-77AB9E316537}.Debug|iPhoneSimulator.ActiveCfg = Debug|iPhoneSimulator
		{19F7A03C-F813-41E1-B098-77AB9E316537}.Debug|iPhoneSimulator.Build.0 = Debug|iPhoneSimulator
		{19F7A03C-F813-41E1-B098-77AB9E316537}.Debug|x86.ActiveCfg = Debug|iPhone
		{19F7A03C-F813-41E1-B098-77AB9E316537}.Release|Any CPU.ActiveCfg = Release|iPhone
		{19F7A03C-F813-41E1-B098-77AB9E316537}.Release|ARM.ActiveCfg = Release|iPhone
		{19F7A03C-F813-41E1-B098-77AB9E316537}.Release|iPhone.ActiveCfg = Release|iPhone
		{19F7A03C-F813-41E1-B098-77AB9E316537}.Release|iPhone.Build.0 = Release|iPhone
		{19F7A03C-F813-41E1-B098-77AB9E316537}.Release|iPhoneSimulator.ActiveCfg = Release|iPhoneSimulator
		{19F7A03C-F813-41E1-B098-77AB9E316537}.Release|iPhoneSimulator.Build.0 = Release|iPhoneSimulator
		{19F7A03C-F813-41E1-B098-77AB9E316537}.Release|x86.ActiveCfg = Release|iPhone
		{0A7DF7CD-4AB9-41F5-8452-D3552AE011C8}.AppStore|Any CPU.ActiveCfg = Release|Any CPU
		{0A7DF7CD-4AB9-41F5-8452-D3552AE011C8}.AppStore|Any CPU.Build.0 = Release|Any CPU
		{0A7DF7CD-4AB9-41F5-8452-D3552AE011C8}.AppStore|Any CPU.Deploy.0 = Release|Any CPU
		{0A7DF7CD-4AB9-41F5-8452-D3552AE011C8}.AppStore|ARM.ActiveCfg = Release|ARM
		{0A7DF7CD-4AB9-41F5-8452-D3552AE011C8}.AppStore|ARM.Build.0 = Release|ARM
		{0A7DF7CD-4AB9-41F5-8452-D3552AE011C8}.AppStore|ARM.Deploy.0 = Release|ARM
		{0A7DF7CD-4AB9-41F5-8452-D3552AE011C8}.AppStore|iPhone.ActiveCfg = Release|Any CPU
		{0A7DF7CD-4AB9-41F5-8452-D3552AE011C8}.AppStore|iPhone.Build.0 = Release|Any CPU
		{0A7DF7CD-4AB9-41F5-8452-D3552AE011C8}.AppStore|iPhone.Deploy.0 = Release|Any CPU
		{0A7DF7CD-4AB9-41F5-8452-D3552AE011C8}.AppStore|iPhoneSimulator.ActiveCfg = Release|Any CPU
		{0A7DF7CD-4AB9-41F5-8452-D3552AE011C8}.AppStore|iPhoneSimulator.Build.0 = Release|Any CPU
		{0A7DF7CD-4AB9-41F5-8452-D3552AE011C8}.AppStore|iPhoneSimulator.Deploy.0 = Release|Any CPU
		{0A7DF7CD-4AB9-41F5-8452-D3552AE011C8}.AppStore|x86.ActiveCfg = Release|x86
		{0A7DF7CD-4AB9-41F5-8452-D3552AE011C8}.AppStore|x86.Build.0 = Release|x86
		{0A7DF7CD-4AB9-41F5-8452-D3552AE011C8}.AppStore|x86.Deploy.0 = Release|x86
		{0A7DF7CD-4AB9-41F5-8452-D3552AE011C8}.Debug|Any CPU.ActiveCfg = Debug|Any CPU
		{0A7DF7CD-4AB9-41F5-8452-D3552AE011C8}.Debug|Any CPU.Build.0 = Debug|Any CPU
		{0A7DF7CD-4AB9-41F5-8452-D3552AE011C8}.Debug|Any CPU.Deploy.0 = Debug|Any CPU
		{0A7DF7CD-4AB9-41F5-8452-D3552AE011C8}.Debug|ARM.ActiveCfg = Debug|ARM
		{0A7DF7CD-4AB9-41F5-8452-D3552AE011C8}.Debug|ARM.Build.0 = Debug|ARM
		{0A7DF7CD-4AB9-41F5-8452-D3552AE011C8}.Debug|ARM.Deploy.0 = Debug|ARM
		{0A7DF7CD-4AB9-41F5-8452-D3552AE011C8}.Debug|iPhone.ActiveCfg = Debug|Any CPU
		{0A7DF7CD-4AB9-41F5-8452-D3552AE011C8}.Debug|iPhone.Build.0 = Debug|Any CPU
		{0A7DF7CD-4AB9-41F5-8452-D3552AE011C8}.Debug|iPhone.Deploy.0 = Debug|Any CPU
		{0A7DF7CD-4AB9-41F5-8452-D3552AE011C8}.Debug|iPhoneSimulator.ActiveCfg = Debug|Any CPU
		{0A7DF7CD-4AB9-41F5-8452-D3552AE011C8}.Debug|iPhoneSimulator.Build.0 = Debug|Any CPU
		{0A7DF7CD-4AB9-41F5-8452-D3552AE011C8}.Debug|iPhoneSimulator.Deploy.0 = Debug|Any CPU
		{0A7DF7CD-4AB9-41F5-8452-D3552AE011C8}.Debug|x86.ActiveCfg = Debug|x86
		{0A7DF7CD-4AB9-41F5-8452-D3552AE011C8}.Debug|x86.Build.0 = Debug|x86
		{0A7DF7CD-4AB9-41F5-8452-D3552AE011C8}.Debug|x86.Deploy.0 = Debug|x86
		{0A7DF7CD-4AB9-41F5-8452-D3552AE011C8}.Release|Any CPU.ActiveCfg = Release|Any CPU
		{0A7DF7CD-4AB9-41F5-8452-D3552AE011C8}.Release|Any CPU.Build.0 = Release|Any CPU
		{0A7DF7CD-4AB9-41F5-8452-D3552AE011C8}.Release|Any CPU.Deploy.0 = Release|Any CPU
		{0A7DF7CD-4AB9-41F5-8452-D3552AE011C8}.Release|ARM.ActiveCfg = Release|ARM
		{0A7DF7CD-4AB9-41F5-8452-D3552AE011C8}.Release|ARM.Build.0 = Release|ARM
		{0A7DF7CD-4AB9-41F5-8452-D3552AE011C8}.Release|ARM.Deploy.0 = Release|ARM
		{0A7DF7CD-4AB9-41F5-8452-D3552AE011C8}.Release|iPhone.ActiveCfg = Release|Any CPU
		{0A7DF7CD-4AB9-41F5-8452-D3552AE011C8}.Release|iPhone.Build.0 = Release|Any CPU
		{0A7DF7CD-4AB9-41F5-8452-D3552AE011C8}.Release|iPhone.Deploy.0 = Release|Any CPU
		{0A7DF7CD-4AB9-41F5-8452-D3552AE011C8}.Release|iPhoneSimulator.ActiveCfg = Release|Any CPU
		{0A7DF7CD-4AB9-41F5-8452-D3552AE011C8}.Release|iPhoneSimulator.Build.0 = Release|Any CPU
		{0A7DF7CD-4AB9-41F5-8452-D3552AE011C8}.Release|iPhoneSimulator.Deploy.0 = Release|Any CPU
		{0A7DF7CD-4AB9-41F5-8452-D3552AE011C8}.Release|x86.ActiveCfg = Release|x86
		{0A7DF7CD-4AB9-41F5-8452-D3552AE011C8}.Release|x86.Build.0 = Release|x86
		{0A7DF7CD-4AB9-41F5-8452-D3552AE011C8}.Release|x86.Deploy.0 = Release|x86
		{F04752F9-C48B-42A0-9599-46B3801131DF}.AppStore|Any CPU.ActiveCfg = Release|Any CPU
		{F04752F9-C48B-42A0-9599-46B3801131DF}.AppStore|Any CPU.Build.0 = Release|Any CPU
		{F04752F9-C48B-42A0-9599-46B3801131DF}.AppStore|ARM.ActiveCfg = Release|Any CPU
		{F04752F9-C48B-42A0-9599-46B3801131DF}.AppStore|ARM.Build.0 = Release|Any CPU
		{F04752F9-C48B-42A0-9599-46B3801131DF}.AppStore|iPhone.ActiveCfg = Release|Any CPU
		{F04752F9-C48B-42A0-9599-46B3801131DF}.AppStore|iPhone.Build.0 = Release|Any CPU
		{F04752F9-C48B-42A0-9599-46B3801131DF}.AppStore|iPhoneSimulator.ActiveCfg = Release|Any CPU
		{F04752F9-C48B-42A0-9599-46B3801131DF}.AppStore|iPhoneSimulator.Build.0 = Release|Any CPU
		{F04752F9-C48B-42A0-9599-46B3801131DF}.AppStore|x86.ActiveCfg = Release|Any CPU
		{F04752F9-C48B-42A0-9599-46B3801131DF}.AppStore|x86.Build.0 = Release|Any CPU
		{F04752F9-C48B-42A0-9599-46B3801131DF}.Debug|Any CPU.ActiveCfg = Debug|Any CPU
		{F04752F9-C48B-42A0-9599-46B3801131DF}.Debug|Any CPU.Build.0 = Debug|Any CPU
		{F04752F9-C48B-42A0-9599-46B3801131DF}.Debug|ARM.ActiveCfg = Debug|Any CPU
		{F04752F9-C48B-42A0-9599-46B3801131DF}.Debug|ARM.Build.0 = Debug|Any CPU
		{F04752F9-C48B-42A0-9599-46B3801131DF}.Debug|iPhone.ActiveCfg = Debug|Any CPU
		{F04752F9-C48B-42A0-9599-46B3801131DF}.Debug|iPhone.Build.0 = Debug|Any CPU
		{F04752F9-C48B-42A0-9599-46B3801131DF}.Debug|iPhoneSimulator.ActiveCfg = Debug|Any CPU
		{F04752F9-C48B-42A0-9599-46B3801131DF}.Debug|iPhoneSimulator.Build.0 = Debug|Any CPU
		{F04752F9-C48B-42A0-9599-46B3801131DF}.Debug|x86.ActiveCfg = Debug|Any CPU
		{F04752F9-C48B-42A0-9599-46B3801131DF}.Debug|x86.Build.0 = Debug|Any CPU
		{F04752F9-C48B-42A0-9599-46B3801131DF}.Release|Any CPU.ActiveCfg = Release|Any CPU
		{F04752F9-C48B-42A0-9599-46B3801131DF}.Release|Any CPU.Build.0 = Release|Any CPU
		{F04752F9-C48B-42A0-9599-46B3801131DF}.Release|ARM.ActiveCfg = Release|Any CPU
		{F04752F9-C48B-42A0-9599-46B3801131DF}.Release|ARM.Build.0 = Release|Any CPU
		{F04752F9-C48B-42A0-9599-46B3801131DF}.Release|iPhone.ActiveCfg = Release|Any CPU
		{F04752F9-C48B-42A0-9599-46B3801131DF}.Release|iPhone.Build.0 = Release|Any CPU
		{F04752F9-C48B-42A0-9599-46B3801131DF}.Release|iPhoneSimulator.ActiveCfg = Release|Any CPU
		{F04752F9-C48B-42A0-9599-46B3801131DF}.Release|iPhoneSimulator.Build.0 = Release|Any CPU
		{F04752F9-C48B-42A0-9599-46B3801131DF}.Release|x86.ActiveCfg = Release|Any CPU
		{F04752F9-C48B-42A0-9599-46B3801131DF}.Release|x86.Build.0 = Release|Any CPU
	EndGlobalSection
	GlobalSection(SolutionProperties) = preSolution
		HideSolutionNode = FALSE
	EndGlobalSection
EndGlobal
